
Microsoft Visual Studio Solution File, Format Version 12.00
# Visual Studio Version 17
VisualStudioVersion = 17.3.32825.248
MinimumVisualStudioVersion = 10.0.40219.1
Project("{FAE04EC0-301F-11D3-BF4B-00C04F79EFBC}") = "LeaveManagement.Web", "LeaveManagement.Web\LeaveManagement.Web.csproj", "{DCF5133B-B4B5-4048-930C-B383972B252B}"
EndProject
Global
	GlobalSection(SolutionConfigurationPlatforms) = preSolution
		Debug|Any CPU = Debug|Any CPU
		Release|Any CPU = Release|Any CPU
	EndGlobalSection
	GlobalSection(ProjectConfigurationPlatforms) = postSolution
		{DCF5133B-B4B5-4048-930C-B383972B252B}.Debug|Any CPU.ActiveCfg = Debug|Any CPU
		{DCF5133B-B4B5-4048-930C-B383972B252B}.Debug|Any CPU.Build.0 = Debug|Any CPU
		{DCF5133B-B4B5-4048-930C-B383972B252B}.Release|Any CPU.ActiveCfg = Release|Any CPU
		{DCF5133B-B4B5-4048-930C-B383972B252B}.Release|Any CPU.Build.0 = Release|Any CPU
	EndGlobalSection
	GlobalSection(SolutionProperties) = preSolution
		HideSolutionNode = FALSE
	EndGlobalSection
	GlobalSection(ExtensibilityGlobals) = postSolution
		SolutionGuid = {777B9669-C9B8-4E15-93BD-FA77E4A72084}
	EndGlobalSection
EndGlobal
